
Microsoft Visual Studio Solution File, Format Version 12.00
Project("{2150E333-8FDC-42A3-9474-1A3956D46DE8}") = "docker", "docker", "{99EBF0AF-02B0-4033-B1CA-E002245430F6}"
ProjectSection(SolutionItems) = preProject
	docker-compose.kibana.yml = docker-compose.kibana.yml
	docker-compose.web-dev-ci.yml = docker-compose.web-dev-ci.yml
	Makefile = Makefile
	README.md = README.md
	Dockerfile.web.dev = Dockerfile.web.dev
	web.dev.env = web.dev.env
	Dockerfile.web.prod = Dockerfile.web.prod
	web.env = web.env
	docker-compose.wiremock.yml = docker-compose.wiremock.yml
	web.test.env = web.test.env
	Dockerfile.karate = Dockerfile.karate
	docker-compose.karate.yml = docker-compose.karate.yml
	docker-compose.mongodb.yml = docker-compose.mongodb.yml
	docker-compose.mongodb-test.yml = docker-compose.mongodb-test.yml
	docker-compose.sonarqube.yml = docker-compose.sonarqube.yml
	azure-pipeline.yml = azure-pipeline.yml
	.gitignore = .gitignore
	docker-compose.web-dev.yml = docker-compose.web-dev.yml
	docker-compose.web-prod-ci.yml = docker-compose.web-prod-ci.yml
EndProjectSection
EndProject
Project("{2150E333-8FDC-42A3-9474-1A3956D46DE8}") = "src", "src", "{09775295-5A43-44CA-B3A8-205CC068263D}"
EndProject
Project("{FAE04EC0-301F-11D3-BF4B-00C04F79EFBC}") = "AspNetCore.Examples.ProductService", "src\AspNetCore.Examples.ProductService\AspNetCore.Examples.ProductService.csproj", "{69CCD21F-FF26-475F-83A4-2711446DB1DF}"
EndProject
Project("{2150E333-8FDC-42A3-9474-1A3956D46DE8}") = "test", "test", "{CE12BC78-DCA9-4B21-B979-D2AD4196F535}"
EndProject
Project("{2150E333-8FDC-42A3-9474-1A3956D46DE8}") = "unit", "unit", "{5CC13013-CABD-45B0-A76B-F21942DB78F0}"
EndProject
Project("{FAE04EC0-301F-11D3-BF4B-00C04F79EFBC}") = "AspNetCore.Examples.ProductService.Test", "test\unit\AspNetCore.Examples.ProductService.Test\AspNetCore.Examples.ProductService.Test.csproj", "{97FF427A-9D63-4528-A6FE-4FCA21D3483F}"
EndProject
Project("{2150E333-8FDC-42A3-9474-1A3956D46DE8}") = "behavioral", "behavioral", "{6D3C9310-99E6-45DE-8960-3D89B38DCF3D}"
ProjectSection(SolutionItems) = preProject
	test\behavioral\pom.xml = test\behavioral\pom.xml
	test\behavioral\Makefile = test\behavioral\Makefile
	test\behavioral\seed_mongo_db.sh = test\behavioral\seed_mongo_db.sh
	test\behavioral\get_mongo_db_count_by_id.sh = test\behavioral\get_mongo_db_count_by_id.sh
EndProjectSection
EndProject
Project("{2150E333-8FDC-42A3-9474-1A3956D46DE8}") = "wiremock", "wiremock", "{49A0C3A7-A6A0-4A11-AC8F-72C95E9ABB0E}"
EndProject
Project("{2150E333-8FDC-42A3-9474-1A3956D46DE8}") = "mappings", "mappings", "{FA7CAEBF-CE0E-43E6-8EFA-9CA34CC7447E}"
ProjectSection(SolutionItems) = preProject
	wiremock\mappings\test.json = wiremock\mappings\test.json
EndProjectSection
EndProject
Project("{2150E333-8FDC-42A3-9474-1A3956D46DE8}") = "files", "files", "{B1F9CFE7-6BF4-47A2-AE82-ECF39DB0DD27}"
ProjectSection(SolutionItems) = preProject
	wiremock\files\test.json = wiremock\files\test.json
EndProjectSection
EndProject
Project("{FAE04EC0-301F-11D3-BF4B-00C04F79EFBC}") = "AspNetCore.Examples.ProductService.Contracts", "src\AspNetCore.Examples.ProductService.Contracts\AspNetCore.Examples.ProductService.Contracts.csproj", "{E4F0D750-D844-48BD-B5E3-2F47BF55B416}"
EndProject
Project("{2150E333-8FDC-42A3-9474-1A3956D46DE8}") = "src", "src", "{591C77CC-AF9D-451C-9935-3D2F3B5E2789}"
EndProject
Project("{2150E333-8FDC-42A3-9474-1A3956D46DE8}") = "test", "test", "{6DCBAFAE-A1F4-466C-A162-9778273D0899}"
EndProject
Project("{2150E333-8FDC-42A3-9474-1A3956D46DE8}") = "java", "java", "{AD9D0647-79DA-422E-8FD2-AE7FBE264686}"
ProjectSection(SolutionItems) = preProject
	test\behavioral\src\test\java\logback-test.xml = test\behavioral\src\test\java\logback-test.xml
	test\behavioral\src\test\java\karate-config.js = test\behavioral\src\test\java\karate-config.js
EndProjectSection
EndProject
Project("{2150E333-8FDC-42A3-9474-1A3956D46DE8}") = "api", "api", "{5CA48641-E26F-488B-AB48-0F47B3678F0A}"
ProjectSection(SolutionItems) = preProject
	test\behavioral\src\test\java\api\TestRunner.java = test\behavioral\src\test\java\api\TestRunner.java
EndProjectSection
EndProject
Project("{2150E333-8FDC-42A3-9474-1A3956D46DE8}") = "Features", "Features", "{D8570D65-28BA-4875-A51F-0A36D9CBCB92}"
ProjectSection(SolutionItems) = preProject
	test\behavioral\src\test\java\api\Features\getproduct.feature = test\behavioral\src\test\java\api\Features\getproduct.feature
	test\behavioral\src\test\java\api\Features\createproduct.feature = test\behavioral\src\test\java\api\Features\createproduct.feature
EndProjectSection
EndProject
Project("{FAE04EC0-301F-11D3-BF4B-00C04F79EFBC}") = "AspNetCore.Examples.ProductService.Domain", "src\AspNetCore.Examples.ProductService.Domain\AspNetCore.Examples.ProductService.Domain.csproj", "{E399B347-733B-4363-848C-2EE9F8FD3CE4}"
EndProject
Project("{FAE04EC0-301F-11D3-BF4B-00C04F79EFBC}") = "AspNetCore.Examples.ProductService.Domain.Test", "test\unit\AspNetCore.Examples.ProductService.Domain.Test\AspNetCore.Examples.ProductService.Domain.Test.csproj", "{8A4F691F-03AD-427C-AA86-14D90BDE70C8}"
EndProject
Project("{FAE04EC0-301F-11D3-BF4B-00C04F79EFBC}") = "AspNetCore.Examples.ProductService.Infrastructure", "src\AspNetCore.Examples.ProductService.Infrastructure\AspNetCore.Examples.ProductService.Infrastructure.csproj", "{AE23511E-8BE9-437A-9AE1-213F5FDD2F53}"
EndProject
Project("{FAE04EC0-301F-11D3-BF4B-00C04F79EFBC}") = "AspNetCore.Examples.ProductService.Application", "src\AspNetCore.Examples.ProductService.Application\AspNetCore.Examples.ProductService.Application.csproj", "{61DFDB78-E4ED-471A-9386-8BF196734A3C}"
EndProject
Project("{FAE04EC0-301F-11D3-BF4B-00C04F79EFBC}") = "AspNetCore.Examples.ProductService.Infrastructure.Abstractions", "src\AspNetCore.Examples.ProductService.Infrastructure.Abstractions\AspNetCore.Examples.ProductService.Infrastructure.Abstractions.csproj", "{79CAA3A2-A164-4E12-9149-8E3D91042EB8}"
EndProject
Project("{FAE04EC0-301F-11D3-BF4B-00C04F79EFBC}") = "AspNetCore.Examples.ProductService.Application.Test", "test\unit\AspNetCore.Examples.ProductService.Application.Test\AspNetCore.Examples.ProductService.Application.Test.csproj", "{8031D881-23BE-4755-9D55-9F654CBD64F4}"
EndProject
Project("{FAE04EC0-301F-11D3-BF4B-00C04F79EFBC}") = "AspNetCore.Examples.ProductService.Infrastructure.Test", "test\unit\AspNetCore.Examples.ProductService.Infrastructure.Test\AspNetCore.Examples.ProductService.Infrastructure.Test.csproj", "{64D6672E-B7F8-43D8-98C4-96E3840D7780}"
EndProject
Project("{2150E333-8FDC-42A3-9474-1A3956D46DE8}") = "seeds", "seeds", "{E4B68417-A8B3-4845-B63A-A23F69E90C03}"
ProjectSection(SolutionItems) = preProject
	test\behavioral\seeds\product_a1.json = test\behavioral\seeds\product_a1.json
	test\behavioral\seeds\product_a2.json = test\behavioral\seeds\product_a2.json
EndProjectSection
EndProject
Project("{2150E333-8FDC-42A3-9474-1A3956D46DE8}") = "scripts", "scripts", "{872516F1-1A75-4664-9CAB-C7ABAB8B6E58}"
ProjectSection(SolutionItems) = preProject
	scripts\create_sonar_project.sh = scripts\create_sonar_project.sh
	scripts\sonar_scan.sh = scripts\sonar_scan.sh
	scripts\wait_sonar_is_green.sh = scripts\wait_sonar_is_green.sh
	scripts\get_sonar_report.sh = scripts\get_sonar_report.sh
	scripts\start_with_coverlet_watch.sh = scripts\start_with_coverlet_watch.sh
	scripts\begin_sonar_scan.sh = scripts\begin_sonar_scan.sh
	scripts\end_coverlet.sh = scripts\end_coverlet.sh
	scripts\end_sonar_scan.sh = scripts\end_sonar_scan.sh
	scripts\run_unit_tests.sh = scripts\run_unit_tests.sh
EndProjectSection
EndProject
Project("{2150E333-8FDC-42A3-9474-1A3956D46DE8}") = "settings", "settings", "{CEF58597-48DE-4B6F-A070-E7FA0B245502}"
ProjectSection(SolutionItems) = preProject
	settings\coverlet.runsettings = settings\coverlet.runsettings
EndProjectSection
EndProject
Project("{2150E333-8FDC-42A3-9474-1A3956D46DE8}") = "integration", "integration", "{95F780A0-31AC-4C24-8167-67D830587701}"
EndProject
Project("{FAE04EC0-301F-11D3-BF4B-00C04F79EFBC}") = "AspNetCore.Examples.ProductService.Infrastructure.IntegrationTest", "test\integration\AspNetCore.Examples.ProductService.Infrastructure.IntegrationTest\AspNetCore.Examples.ProductService.Infrastructure.IntegrationTest.csproj", "{7DE79319-534F-46BF-800E-93F38AC6A047}"
EndProject
Global
	GlobalSection(SolutionConfigurationPlatforms) = preSolution
		Debug|Any CPU = Debug|Any CPU
		Release|Any CPU = Release|Any CPU
	EndGlobalSection
	GlobalSection(NestedProjects) = preSolution
		{69CCD21F-FF26-475F-83A4-2711446DB1DF} = {09775295-5A43-44CA-B3A8-205CC068263D}
		{5CC13013-CABD-45B0-A76B-F21942DB78F0} = {CE12BC78-DCA9-4B21-B979-D2AD4196F535}
		{97FF427A-9D63-4528-A6FE-4FCA21D3483F} = {5CC13013-CABD-45B0-A76B-F21942DB78F0}
		{6D3C9310-99E6-45DE-8960-3D89B38DCF3D} = {CE12BC78-DCA9-4B21-B979-D2AD4196F535}
		{FA7CAEBF-CE0E-43E6-8EFA-9CA34CC7447E} = {49A0C3A7-A6A0-4A11-AC8F-72C95E9ABB0E}
		{B1F9CFE7-6BF4-47A2-AE82-ECF39DB0DD27} = {49A0C3A7-A6A0-4A11-AC8F-72C95E9ABB0E}
		{E4F0D750-D844-48BD-B5E3-2F47BF55B416} = {09775295-5A43-44CA-B3A8-205CC068263D}
		{591C77CC-AF9D-451C-9935-3D2F3B5E2789} = {6D3C9310-99E6-45DE-8960-3D89B38DCF3D}
		{6DCBAFAE-A1F4-466C-A162-9778273D0899} = {591C77CC-AF9D-451C-9935-3D2F3B5E2789}
		{AD9D0647-79DA-422E-8FD2-AE7FBE264686} = {6DCBAFAE-A1F4-466C-A162-9778273D0899}
		{5CA48641-E26F-488B-AB48-0F47B3678F0A} = {AD9D0647-79DA-422E-8FD2-AE7FBE264686}
		{D8570D65-28BA-4875-A51F-0A36D9CBCB92} = {5CA48641-E26F-488B-AB48-0F47B3678F0A}
		{E399B347-733B-4363-848C-2EE9F8FD3CE4} = {09775295-5A43-44CA-B3A8-205CC068263D}
		{8A4F691F-03AD-427C-AA86-14D90BDE70C8} = {5CC13013-CABD-45B0-A76B-F21942DB78F0}
		{AE23511E-8BE9-437A-9AE1-213F5FDD2F53} = {09775295-5A43-44CA-B3A8-205CC068263D}
		{61DFDB78-E4ED-471A-9386-8BF196734A3C} = {09775295-5A43-44CA-B3A8-205CC068263D}
		{79CAA3A2-A164-4E12-9149-8E3D91042EB8} = {09775295-5A43-44CA-B3A8-205CC068263D}
		{8031D881-23BE-4755-9D55-9F654CBD64F4} = {5CC13013-CABD-45B0-A76B-F21942DB78F0}
		{64D6672E-B7F8-43D8-98C4-96E3840D7780} = {5CC13013-CABD-45B0-A76B-F21942DB78F0}
		{E4B68417-A8B3-4845-B63A-A23F69E90C03} = {6D3C9310-99E6-45DE-8960-3D89B38DCF3D}
		{95F780A0-31AC-4C24-8167-67D830587701} = {CE12BC78-DCA9-4B21-B979-D2AD4196F535}
		{7DE79319-534F-46BF-800E-93F38AC6A047} = {95F780A0-31AC-4C24-8167-67D830587701}
	EndGlobalSection
	GlobalSection(ProjectConfigurationPlatforms) = postSolution
		{69CCD21F-FF26-475F-83A4-2711446DB1DF}.Debug|Any CPU.ActiveCfg = Debug|Any CPU
		{69CCD21F-FF26-475F-83A4-2711446DB1DF}.Debug|Any CPU.Build.0 = Debug|Any CPU
		{69CCD21F-FF26-475F-83A4-2711446DB1DF}.Release|Any CPU.ActiveCfg = Release|Any CPU
		{69CCD21F-FF26-475F-83A4-2711446DB1DF}.Release|Any CPU.Build.0 = Release|Any CPU
		{97FF427A-9D63-4528-A6FE-4FCA21D3483F}.Debug|Any CPU.ActiveCfg = Debug|Any CPU
		{97FF427A-9D63-4528-A6FE-4FCA21D3483F}.Debug|Any CPU.Build.0 = Debug|Any CPU
		{97FF427A-9D63-4528-A6FE-4FCA21D3483F}.Release|Any CPU.ActiveCfg = Release|Any CPU
		{97FF427A-9D63-4528-A6FE-4FCA21D3483F}.Release|Any CPU.Build.0 = Release|Any CPU
		{E4F0D750-D844-48BD-B5E3-2F47BF55B416}.Debug|Any CPU.ActiveCfg = Debug|Any CPU
		{E4F0D750-D844-48BD-B5E3-2F47BF55B416}.Debug|Any CPU.Build.0 = Debug|Any CPU
		{E4F0D750-D844-48BD-B5E3-2F47BF55B416}.Release|Any CPU.ActiveCfg = Release|Any CPU
		{E4F0D750-D844-48BD-B5E3-2F47BF55B416}.Release|Any CPU.Build.0 = Release|Any CPU
		{E399B347-733B-4363-848C-2EE9F8FD3CE4}.Debug|Any CPU.ActiveCfg = Debug|Any CPU
		{E399B347-733B-4363-848C-2EE9F8FD3CE4}.Debug|Any CPU.Build.0 = Debug|Any CPU
		{E399B347-733B-4363-848C-2EE9F8FD3CE4}.Release|Any CPU.ActiveCfg = Release|Any CPU
		{E399B347-733B-4363-848C-2EE9F8FD3CE4}.Release|Any CPU.Build.0 = Release|Any CPU
		{8A4F691F-03AD-427C-AA86-14D90BDE70C8}.Debug|Any CPU.ActiveCfg = Debug|Any CPU
		{8A4F691F-03AD-427C-AA86-14D90BDE70C8}.Debug|Any CPU.Build.0 = Debug|Any CPU
		{8A4F691F-03AD-427C-AA86-14D90BDE70C8}.Release|Any CPU.ActiveCfg = Release|Any CPU
		{8A4F691F-03AD-427C-AA86-14D90BDE70C8}.Release|Any CPU.Build.0 = Release|Any CPU
		{AE23511E-8BE9-437A-9AE1-213F5FDD2F53}.Debug|Any CPU.ActiveCfg = Debug|Any CPU
		{AE23511E-8BE9-437A-9AE1-213F5FDD2F53}.Debug|Any CPU.Build.0 = Debug|Any CPU
		{AE23511E-8BE9-437A-9AE1-213F5FDD2F53}.Release|Any CPU.ActiveCfg = Release|Any CPU
		{AE23511E-8BE9-437A-9AE1-213F5FDD2F53}.Release|Any CPU.Build.0 = Release|Any CPU
		{61DFDB78-E4ED-471A-9386-8BF196734A3C}.Debug|Any CPU.ActiveCfg = Debug|Any CPU
		{61DFDB78-E4ED-471A-9386-8BF196734A3C}.Debug|Any CPU.Build.0 = Debug|Any CPU
		{61DFDB78-E4ED-471A-9386-8BF196734A3C}.Release|Any CPU.ActiveCfg = Release|Any CPU
		{61DFDB78-E4ED-471A-9386-8BF196734A3C}.Release|Any CPU.Build.0 = Release|Any CPU
		{79CAA3A2-A164-4E12-9149-8E3D91042EB8}.Debug|Any CPU.ActiveCfg = Debug|Any CPU
		{79CAA3A2-A164-4E12-9149-8E3D91042EB8}.Debug|Any CPU.Build.0 = Debug|Any CPU
		{79CAA3A2-A164-4E12-9149-8E3D91042EB8}.Release|Any CPU.ActiveCfg = Release|Any CPU
		{79CAA3A2-A164-4E12-9149-8E3D91042EB8}.Release|Any CPU.Build.0 = Release|Any CPU
		{8031D881-23BE-4755-9D55-9F654CBD64F4}.Debug|Any CPU.ActiveCfg = Debug|Any CPU
		{8031D881-23BE-4755-9D55-9F654CBD64F4}.Debug|Any CPU.Build.0 = Debug|Any CPU
		{8031D881-23BE-4755-9D55-9F654CBD64F4}.Release|Any CPU.ActiveCfg = Release|Any CPU
		{8031D881-23BE-4755-9D55-9F654CBD64F4}.Release|Any CPU.Build.0 = Release|Any CPU
		{64D6672E-B7F8-43D8-98C4-96E3840D7780}.Debug|Any CPU.ActiveCfg = Debug|Any CPU
		{64D6672E-B7F8-43D8-98C4-96E3840D7780}.Debug|Any CPU.Build.0 = Debug|Any CPU
		{64D6672E-B7F8-43D8-98C4-96E3840D7780}.Release|Any CPU.ActiveCfg = Release|Any CPU
		{64D6672E-B7F8-43D8-98C4-96E3840D7780}.Release|Any CPU.Build.0 = Release|Any CPU
		{7DE79319-534F-46BF-800E-93F38AC6A047}.Debug|Any CPU.ActiveCfg = Debug|Any CPU
		{7DE79319-534F-46BF-800E-93F38AC6A047}.Debug|Any CPU.Build.0 = Debug|Any CPU
		{7DE79319-534F-46BF-800E-93F38AC6A047}.Release|Any CPU.ActiveCfg = Release|Any CPU
		{7DE79319-534F-46BF-800E-93F38AC6A047}.Release|Any CPU.Build.0 = Release|Any CPU
	EndGlobalSection
EndGlobal
