
Microsoft Visual Studio Solution File, Format Version 12.00
Project("{2150E333-8FDC-42A3-9474-1A3956D46DE8}") = "src", "src", "{09775295-5A43-44CA-B3A8-205CC068263D}"
EndProject
Project("{FAE04EC0-301F-11D3-BF4B-00C04F79EFBC}") = "AspNetCore.Examples.ProductService", "src\AspNetCore.Examples.ProductService\AspNetCore.Examples.ProductService.csproj", "{69CCD21F-FF26-475F-83A4-2711446DB1DF}"
EndProject
Project("{2150E333-8FDC-42A3-9474-1A3956D46DE8}") = "test", "test", "{CE12BC78-DCA9-4B21-B979-D2AD4196F535}"
EndProject
Project("{2150E333-8FDC-42A3-9474-1A3956D46DE8}") = "unit", "unit", "{5CC13013-CABD-45B0-A76B-F21942DB78F0}"
EndProject
Project("{FAE04EC0-301F-11D3-BF4B-00C04F79EFBC}") = "AspNetCore.Examples.ProductService.Test", "test\unit\AspNetCore.Examples.ProductService.Test\AspNetCore.Examples.ProductService.Test.csproj", "{97FF427A-9D63-4528-A6FE-4FCA21D3483F}"
EndProject
Project("{FAE04EC0-301F-11D3-BF4B-00C04F79EFBC}") = "AspNetCore.Examples.ProductService.Contracts", "src\AspNetCore.Examples.ProductService.Contracts\AspNetCore.Examples.ProductService.Contracts.csproj", "{E4F0D750-D844-48BD-B5E3-2F47BF55B416}"
EndProject
Project("{FAE04EC0-301F-11D3-BF4B-00C04F79EFBC}") = "AspNetCore.Examples.ProductService.Domain", "src\AspNetCore.Examples.ProductService.Domain\AspNetCore.Examples.ProductService.Domain.csproj", "{E399B347-733B-4363-848C-2EE9F8FD3CE4}"
EndProject
Project("{FAE04EC0-301F-11D3-BF4B-00C04F79EFBC}") = "AspNetCore.Examples.ProductService.Domain.Test", "test\unit\AspNetCore.Examples.ProductService.Domain.Test\AspNetCore.Examples.ProductService.Domain.Test.csproj", "{8A4F691F-03AD-427C-AA86-14D90BDE70C8}"
EndProject
Project("{FAE04EC0-301F-11D3-BF4B-00C04F79EFBC}") = "AspNetCore.Examples.ProductService.Infrastructure", "src\AspNetCore.Examples.ProductService.Infrastructure\AspNetCore.Examples.ProductService.Infrastructure.csproj", "{AE23511E-8BE9-437A-9AE1-213F5FDD2F53}"
EndProject
Project("{FAE04EC0-301F-11D3-BF4B-00C04F79EFBC}") = "AspNetCore.Examples.ProductService.Application", "src\AspNetCore.Examples.ProductService.Application\AspNetCore.Examples.ProductService.Application.csproj", "{61DFDB78-E4ED-471A-9386-8BF196734A3C}"
EndProject
Project("{FAE04EC0-301F-11D3-BF4B-00C04F79EFBC}") = "AspNetCore.Examples.ProductService.Infrastructure.Abstractions", "src\AspNetCore.Examples.ProductService.Infrastructure.Abstractions\AspNetCore.Examples.ProductService.Infrastructure.Abstractions.csproj", "{79CAA3A2-A164-4E12-9149-8E3D91042EB8}"
EndProject
Project("{FAE04EC0-301F-11D3-BF4B-00C04F79EFBC}") = "AspNetCore.Examples.ProductService.Application.Test", "test\unit\AspNetCore.Examples.ProductService.Application.Test\AspNetCore.Examples.ProductService.Application.Test.csproj", "{8031D881-23BE-4755-9D55-9F654CBD64F4}"
EndProject
Project("{FAE04EC0-301F-11D3-BF4B-00C04F79EFBC}") = "AspNetCore.Examples.ProductService.Infrastructure.Test", "test\unit\AspNetCore.Examples.ProductService.Infrastructure.Test\AspNetCore.Examples.ProductService.Infrastructure.Test.csproj", "{64D6672E-B7F8-43D8-98C4-96E3840D7780}"
EndProject
Project("{2150E333-8FDC-42A3-9474-1A3956D46DE8}") = "integration", "integration", "{95F780A0-31AC-4C24-8167-67D830587701}"
EndProject
Project("{FAE04EC0-301F-11D3-BF4B-00C04F79EFBC}") = "AspNetCore.Examples.ProductService.PriceCardService", "src\AspNetCore.Examples.ProductService.PriceCardService\AspNetCore.Examples.ProductService.PriceCardService.csproj", "{4D144BE6-8CA1-485C-A8DC-7CEB73FDAB85}"
EndProject
Project("{2150E333-8FDC-42A3-9474-1A3956D46DE8}") = "functional", "functional", "{49C2E68C-CAC2-4731-8626-3F48CFAFAB31}"
EndProject
Project("{FAE04EC0-301F-11D3-BF4B-00C04F79EFBC}") = "AspNetCore.Examples.ProductService.Specs", "test\functional\AspNetCore.Examples.ProductService.Specs\AspNetCore.Examples.ProductService.Specs.csproj", "{A5BF29F5-5AAD-452A-B69B-BACEDE0A8E79}"
EndProject
Global
	GlobalSection(SolutionConfigurationPlatforms) = preSolution
		Debug|Any CPU = Debug|Any CPU
		Release|Any CPU = Release|Any CPU
	EndGlobalSection
	GlobalSection(NestedProjects) = preSolution
		{69CCD21F-FF26-475F-83A4-2711446DB1DF} = {09775295-5A43-44CA-B3A8-205CC068263D}
		{5CC13013-CABD-45B0-A76B-F21942DB78F0} = {CE12BC78-DCA9-4B21-B979-D2AD4196F535}
		{97FF427A-9D63-4528-A6FE-4FCA21D3483F} = {5CC13013-CABD-45B0-A76B-F21942DB78F0}
		{E4F0D750-D844-48BD-B5E3-2F47BF55B416} = {09775295-5A43-44CA-B3A8-205CC068263D}
		{E399B347-733B-4363-848C-2EE9F8FD3CE4} = {09775295-5A43-44CA-B3A8-205CC068263D}
		{8A4F691F-03AD-427C-AA86-14D90BDE70C8} = {5CC13013-CABD-45B0-A76B-F21942DB78F0}
		{AE23511E-8BE9-437A-9AE1-213F5FDD2F53} = {09775295-5A43-44CA-B3A8-205CC068263D}
		{61DFDB78-E4ED-471A-9386-8BF196734A3C} = {09775295-5A43-44CA-B3A8-205CC068263D}
		{79CAA3A2-A164-4E12-9149-8E3D91042EB8} = {09775295-5A43-44CA-B3A8-205CC068263D}
		{8031D881-23BE-4755-9D55-9F654CBD64F4} = {5CC13013-CABD-45B0-A76B-F21942DB78F0}
		{64D6672E-B7F8-43D8-98C4-96E3840D7780} = {5CC13013-CABD-45B0-A76B-F21942DB78F0}
		{95F780A0-31AC-4C24-8167-67D830587701} = {CE12BC78-DCA9-4B21-B979-D2AD4196F535}
		{4D144BE6-8CA1-485C-A8DC-7CEB73FDAB85} = {09775295-5A43-44CA-B3A8-205CC068263D}
		{49C2E68C-CAC2-4731-8626-3F48CFAFAB31} = {CE12BC78-DCA9-4B21-B979-D2AD4196F535}
		{A5BF29F5-5AAD-452A-B69B-BACEDE0A8E79} = {49C2E68C-CAC2-4731-8626-3F48CFAFAB31}
	EndGlobalSection
	GlobalSection(ProjectConfigurationPlatforms) = postSolution
		{69CCD21F-FF26-475F-83A4-2711446DB1DF}.Debug|Any CPU.ActiveCfg = Debug|Any CPU
		{69CCD21F-FF26-475F-83A4-2711446DB1DF}.Debug|Any CPU.Build.0 = Debug|Any CPU
		{69CCD21F-FF26-475F-83A4-2711446DB1DF}.Release|Any CPU.ActiveCfg = Release|Any CPU
		{69CCD21F-FF26-475F-83A4-2711446DB1DF}.Release|Any CPU.Build.0 = Release|Any CPU
		{97FF427A-9D63-4528-A6FE-4FCA21D3483F}.Debug|Any CPU.ActiveCfg = Debug|Any CPU
		{97FF427A-9D63-4528-A6FE-4FCA21D3483F}.Debug|Any CPU.Build.0 = Debug|Any CPU
		{97FF427A-9D63-4528-A6FE-4FCA21D3483F}.Release|Any CPU.ActiveCfg = Release|Any CPU
		{97FF427A-9D63-4528-A6FE-4FCA21D3483F}.Release|Any CPU.Build.0 = Release|Any CPU
		{E4F0D750-D844-48BD-B5E3-2F47BF55B416}.Debug|Any CPU.ActiveCfg = Debug|Any CPU
		{E4F0D750-D844-48BD-B5E3-2F47BF55B416}.Debug|Any CPU.Build.0 = Debug|Any CPU
		{E4F0D750-D844-48BD-B5E3-2F47BF55B416}.Release|Any CPU.ActiveCfg = Release|Any CPU
		{E4F0D750-D844-48BD-B5E3-2F47BF55B416}.Release|Any CPU.Build.0 = Release|Any CPU
		{E399B347-733B-4363-848C-2EE9F8FD3CE4}.Debug|Any CPU.ActiveCfg = Debug|Any CPU
		{E399B347-733B-4363-848C-2EE9F8FD3CE4}.Debug|Any CPU.Build.0 = Debug|Any CPU
		{E399B347-733B-4363-848C-2EE9F8FD3CE4}.Release|Any CPU.ActiveCfg = Release|Any CPU
		{E399B347-733B-4363-848C-2EE9F8FD3CE4}.Release|Any CPU.Build.0 = Release|Any CPU
		{8A4F691F-03AD-427C-AA86-14D90BDE70C8}.Debug|Any CPU.ActiveCfg = Debug|Any CPU
		{8A4F691F-03AD-427C-AA86-14D90BDE70C8}.Debug|Any CPU.Build.0 = Debug|Any CPU
		{8A4F691F-03AD-427C-AA86-14D90BDE70C8}.Release|Any CPU.ActiveCfg = Release|Any CPU
		{8A4F691F-03AD-427C-AA86-14D90BDE70C8}.Release|Any CPU.Build.0 = Release|Any CPU
		{AE23511E-8BE9-437A-9AE1-213F5FDD2F53}.Debug|Any CPU.ActiveCfg = Debug|Any CPU
		{AE23511E-8BE9-437A-9AE1-213F5FDD2F53}.Debug|Any CPU.Build.0 = Debug|Any CPU
		{AE23511E-8BE9-437A-9AE1-213F5FDD2F53}.Release|Any CPU.ActiveCfg = Release|Any CPU
		{AE23511E-8BE9-437A-9AE1-213F5FDD2F53}.Release|Any CPU.Build.0 = Release|Any CPU
		{61DFDB78-E4ED-471A-9386-8BF196734A3C}.Debug|Any CPU.ActiveCfg = Debug|Any CPU
		{61DFDB78-E4ED-471A-9386-8BF196734A3C}.Debug|Any CPU.Build.0 = Debug|Any CPU
		{61DFDB78-E4ED-471A-9386-8BF196734A3C}.Release|Any CPU.ActiveCfg = Release|Any CPU
		{61DFDB78-E4ED-471A-9386-8BF196734A3C}.Release|Any CPU.Build.0 = Release|Any CPU
		{79CAA3A2-A164-4E12-9149-8E3D91042EB8}.Debug|Any CPU.ActiveCfg = Debug|Any CPU
		{79CAA3A2-A164-4E12-9149-8E3D91042EB8}.Debug|Any CPU.Build.0 = Debug|Any CPU
		{79CAA3A2-A164-4E12-9149-8E3D91042EB8}.Release|Any CPU.ActiveCfg = Release|Any CPU
		{79CAA3A2-A164-4E12-9149-8E3D91042EB8}.Release|Any CPU.Build.0 = Release|Any CPU
		{8031D881-23BE-4755-9D55-9F654CBD64F4}.Debug|Any CPU.ActiveCfg = Debug|Any CPU
		{8031D881-23BE-4755-9D55-9F654CBD64F4}.Debug|Any CPU.Build.0 = Debug|Any CPU
		{8031D881-23BE-4755-9D55-9F654CBD64F4}.Release|Any CPU.ActiveCfg = Release|Any CPU
		{8031D881-23BE-4755-9D55-9F654CBD64F4}.Release|Any CPU.Build.0 = Release|Any CPU
		{64D6672E-B7F8-43D8-98C4-96E3840D7780}.Debug|Any CPU.ActiveCfg = Debug|Any CPU
		{64D6672E-B7F8-43D8-98C4-96E3840D7780}.Debug|Any CPU.Build.0 = Debug|Any CPU
		{64D6672E-B7F8-43D8-98C4-96E3840D7780}.Release|Any CPU.ActiveCfg = Release|Any CPU
		{64D6672E-B7F8-43D8-98C4-96E3840D7780}.Release|Any CPU.Build.0 = Release|Any CPU
		{4D144BE6-8CA1-485C-A8DC-7CEB73FDAB85}.Debug|Any CPU.ActiveCfg = Debug|Any CPU
		{4D144BE6-8CA1-485C-A8DC-7CEB73FDAB85}.Debug|Any CPU.Build.0 = Debug|Any CPU
		{4D144BE6-8CA1-485C-A8DC-7CEB73FDAB85}.Release|Any CPU.ActiveCfg = Release|Any CPU
		{4D144BE6-8CA1-485C-A8DC-7CEB73FDAB85}.Release|Any CPU.Build.0 = Release|Any CPU
		{A5BF29F5-5AAD-452A-B69B-BACEDE0A8E79}.Debug|Any CPU.ActiveCfg = Debug|Any CPU
		{A5BF29F5-5AAD-452A-B69B-BACEDE0A8E79}.Debug|Any CPU.Build.0 = Debug|Any CPU
		{A5BF29F5-5AAD-452A-B69B-BACEDE0A8E79}.Release|Any CPU.ActiveCfg = Release|Any CPU
		{A5BF29F5-5AAD-452A-B69B-BACEDE0A8E79}.Release|Any CPU.Build.0 = Release|Any CPU
	EndGlobalSection
EndGlobal
